# This file is automatically @generated by Cargo.
# It is not intended for manual editing.
[[package]]
name = "echo_server"
version = "0.1.0"
dependencies = [
 "protobuf",
]

[[package]]
name = "protobuf"
version = "2.20.0"
source = "registry+https://github.com/rust-lang/crates.io-index"
checksum = "86473d5f16580f10b131a0bf0afb68f8e029d1835d33a00f37281b05694e5312"
