# This file is automatically @generated by Cargo.
# It is not intended for manual editing.
version = 3

[[package]]
name = "in_memory_storage"
version = "0.1.0"
dependencies = [
 "lazy_static",
 "protobuf",
]

[[package]]
name = "lazy_static"
version = "1.4.0"
source = "registry+https://github.com/rust-lang/crates.io-index"
checksum = "e2abad23fbc42b3700f2f279844dc832adb2b2eb069b2df918f455c4e18cc646"

[[package]]
name = "protobuf"
version = "2.22.0"
source = "registry+https://github.com/rust-lang/crates.io-index"
checksum = "73f72884896d22e0da0e5b266cb9a780b791f6c3b2f5beab6368d6cd4f0dbb86"
